
Microsoft Visual Studio Solution File, Format Version 12.00
# Visual Studio Version 16
VisualStudioVersion = 16.0.30204.135
MinimumVisualStudioVersion = 10.0.40219.1
Project("{FAE04EC0-301F-11D3-BF4B-00C04F79EFBC}") = "TestES.Console", "TestES.Console\TestES.Console.csproj", "{9AF51A85-F023-4FAD-967F-CEF24A31C97C}"
EndProject
Project("{FAE04EC0-301F-11D3-BF4B-00C04F79EFBC}") = "ES.Core", "ES.Core\ES.Core.csproj", "{291C064C-4486-4226-ADAB-FDC240D424ED}"
EndProject
Project("{FAE04EC0-301F-11D3-BF4B-00C04F79EFBC}") = "TestES.NewsWriter", "TestES.NewsWriter\TestES.NewsWriter.csproj", "{FD4D8F0B-39BF-493A-9F97-71ED69D6F70B}"
EndProject
Project("{FAE04EC0-301F-11D3-BF4B-00C04F79EFBC}") = "App", "App\App.csproj", "{46CB31ED-0F25-4C23-B176-7A3ABD35ED3B}"
EndProject
Project("{FAE04EC0-301F-11D3-BF4B-00C04F79EFBC}") = "ESCore6x", "ESCore6x\ESCore6x.csproj", "{414CB749-DC67-4FE1-88B7-EFACDD8233A2}"
EndProject
Global
	GlobalSection(SolutionConfigurationPlatforms) = preSolution
		Debug|Any CPU = Debug|Any CPU
		Release|Any CPU = Release|Any CPU
	EndGlobalSection
	GlobalSection(ProjectConfigurationPlatforms) = postSolution
		{9AF51A85-F023-4FAD-967F-CEF24A31C97C}.Debug|Any CPU.ActiveCfg = Debug|Any CPU
		{9AF51A85-F023-4FAD-967F-CEF24A31C97C}.Debug|Any CPU.Build.0 = Debug|Any CPU
		{9AF51A85-F023-4FAD-967F-CEF24A31C97C}.Release|Any CPU.ActiveCfg = Release|Any CPU
		{9AF51A85-F023-4FAD-967F-CEF24A31C97C}.Release|Any CPU.Build.0 = Release|Any CPU
		{291C064C-4486-4226-ADAB-FDC240D424ED}.Debug|Any CPU.ActiveCfg = Debug|Any CPU
		{291C064C-4486-4226-ADAB-FDC240D424ED}.Debug|Any CPU.Build.0 = Debug|Any CPU
		{291C064C-4486-4226-ADAB-FDC240D424ED}.Release|Any CPU.ActiveCfg = Release|Any CPU
		{291C064C-4486-4226-ADAB-FDC240D424ED}.Release|Any CPU.Build.0 = Release|Any CPU
		{FD4D8F0B-39BF-493A-9F97-71ED69D6F70B}.Debug|Any CPU.ActiveCfg = Debug|Any CPU
		{FD4D8F0B-39BF-493A-9F97-71ED69D6F70B}.Debug|Any CPU.Build.0 = Debug|Any CPU
		{FD4D8F0B-39BF-493A-9F97-71ED69D6F70B}.Release|Any CPU.ActiveCfg = Release|Any CPU
		{FD4D8F0B-39BF-493A-9F97-71ED69D6F70B}.Release|Any CPU.Build.0 = Release|Any CPU
		{46CB31ED-0F25-4C23-B176-7A3ABD35ED3B}.Debug|Any CPU.ActiveCfg = Debug|Any CPU
		{46CB31ED-0F25-4C23-B176-7A3ABD35ED3B}.Debug|Any CPU.Build.0 = Debug|Any CPU
		{46CB31ED-0F25-4C23-B176-7A3ABD35ED3B}.Release|Any CPU.ActiveCfg = Release|Any CPU
		{46CB31ED-0F25-4C23-B176-7A3ABD35ED3B}.Release|Any CPU.Build.0 = Release|Any CPU
		{414CB749-DC67-4FE1-88B7-EFACDD8233A2}.Debug|Any CPU.ActiveCfg = Debug|Any CPU
		{414CB749-DC67-4FE1-88B7-EFACDD8233A2}.Debug|Any CPU.Build.0 = Debug|Any CPU
		{414CB749-DC67-4FE1-88B7-EFACDD8233A2}.Release|Any CPU.ActiveCfg = Release|Any CPU
		{414CB749-DC67-4FE1-88B7-EFACDD8233A2}.Release|Any CPU.Build.0 = Release|Any CPU
	EndGlobalSection
	GlobalSection(SolutionProperties) = preSolution
		HideSolutionNode = FALSE
	EndGlobalSection
	GlobalSection(ExtensibilityGlobals) = postSolution
		SolutionGuid = {BF599394-4906-4B4B-9468-6006CFF23B0A}
	EndGlobalSection
EndGlobal
