
Microsoft Visual Studio Solution File, Format Version 12.00
# Visual Studio 2013
VisualStudioVersion = 12.0.21005.1
MinimumVisualStudioVersion = 10.0.40219.1
Project("{FAE04EC0-301F-11D3-BF4B-00C04F79EFBC}") = "TestES.Console", "TestES.Console\TestES.Console.csproj", "{9AF51A85-F023-4FAD-967F-CEF24A31C97C}"
EndProject
Project("{FAE04EC0-301F-11D3-BF4B-00C04F79EFBC}") = "ES.Core", "ES.Core\ES.Core.csproj", "{291C064C-4486-4226-ADAB-FDC240D424ED}"
EndProject
Global
	GlobalSection(SolutionConfigurationPlatforms) = preSolution
		Debug|Any CPU = Debug|Any CPU
		Release|Any CPU = Release|Any CPU
	EndGlobalSection
	GlobalSection(ProjectConfigurationPlatforms) = postSolution
		{9AF51A85-F023-4FAD-967F-CEF24A31C97C}.Debug|Any CPU.ActiveCfg = Debug|Any CPU
		{9AF51A85-F023-4FAD-967F-CEF24A31C97C}.Debug|Any CPU.Build.0 = Debug|Any CPU
		{9AF51A85-F023-4FAD-967F-CEF24A31C97C}.Release|Any CPU.ActiveCfg = Release|Any CPU
		{9AF51A85-F023-4FAD-967F-CEF24A31C97C}.Release|Any CPU.Build.0 = Release|Any CPU
		{291C064C-4486-4226-ADAB-FDC240D424ED}.Debug|Any CPU.ActiveCfg = Debug|Any CPU
		{291C064C-4486-4226-ADAB-FDC240D424ED}.Debug|Any CPU.Build.0 = Debug|Any CPU
		{291C064C-4486-4226-ADAB-FDC240D424ED}.Release|Any CPU.ActiveCfg = Release|Any CPU
		{291C064C-4486-4226-ADAB-FDC240D424ED}.Release|Any CPU.Build.0 = Release|Any CPU
	EndGlobalSection
	GlobalSection(SolutionProperties) = preSolution
		HideSolutionNode = FALSE
	EndGlobalSection
EndGlobal
